
Microsoft Visual Studio Solution File, Format Version 11.00
# Visual Studio 2010
Project("{FAE04EC0-301F-11D3-BF4B-00C04F79EFBC}") = "Assembly-CSharp", "Assembly-CSharp.csproj", "{A8A5BA6D-69BA-7241-D830-5F8448DFD554}"
EndProject
Project("{FAE04EC0-301F-11D3-BF4B-00C04F79EFBC}") = "Assembly-CSharp-firstpass", "Assembly-CSharp-firstpass.csproj", "{52CA54F1-1DD3-6DED-E48C-DABACCBA6F32}"
EndProject
Project("{FAE04EC0-301F-11D3-BF4B-00C04F79EFBC}") = "Assembly-CSharp-Editor-firstpass", "Assembly-CSharp-Editor-firstpass.csproj", "{B10F2ED7-594A-3EA4-CCC6-DE111C340094}"
EndProject
Project("{FAE04EC0-301F-11D3-BF4B-00C04F79EFBC}") = "Assembly-CSharp-Editor", "Assembly-CSharp-Editor.csproj", "{AF297752-0DDB-2279-4278-2CC77D45C843}"
EndProject
Global
	GlobalSection(SolutionConfigurationPlatforms) = preSolution
		Debug|Any CPU = Debug|Any CPU
		Release|Any CPU = Release|Any CPU
	EndGlobalSection
	GlobalSection(ProjectConfigurationPlatforms) = postSolution
		{A8A5BA6D-69BA-7241-D830-5F8448DFD554}.Debug|Any CPU.ActiveCfg = Debug|Any CPU
		{A8A5BA6D-69BA-7241-D830-5F8448DFD554}.Debug|Any CPU.Build.0 = Debug|Any CPU
		{A8A5BA6D-69BA-7241-D830-5F8448DFD554}.Release|Any CPU.ActiveCfg = Release|Any CPU
		{A8A5BA6D-69BA-7241-D830-5F8448DFD554}.Release|Any CPU.Build.0 = Release|Any CPU
		{52CA54F1-1DD3-6DED-E48C-DABACCBA6F32}.Debug|Any CPU.ActiveCfg = Debug|Any CPU
		{52CA54F1-1DD3-6DED-E48C-DABACCBA6F32}.Debug|Any CPU.Build.0 = Debug|Any CPU
		{52CA54F1-1DD3-6DED-E48C-DABACCBA6F32}.Release|Any CPU.ActiveCfg = Release|Any CPU
		{52CA54F1-1DD3-6DED-E48C-DABACCBA6F32}.Release|Any CPU.Build.0 = Release|Any CPU
		{B10F2ED7-594A-3EA4-CCC6-DE111C340094}.Debug|Any CPU.ActiveCfg = Debug|Any CPU
		{B10F2ED7-594A-3EA4-CCC6-DE111C340094}.Debug|Any CPU.Build.0 = Debug|Any CPU
		{B10F2ED7-594A-3EA4-CCC6-DE111C340094}.Release|Any CPU.ActiveCfg = Release|Any CPU
		{B10F2ED7-594A-3EA4-CCC6-DE111C340094}.Release|Any CPU.Build.0 = Release|Any CPU
		{AF297752-0DDB-2279-4278-2CC77D45C843}.Debug|Any CPU.ActiveCfg = Debug|Any CPU
		{AF297752-0DDB-2279-4278-2CC77D45C843}.Debug|Any CPU.Build.0 = Debug|Any CPU
		{AF297752-0DDB-2279-4278-2CC77D45C843}.Release|Any CPU.ActiveCfg = Release|Any CPU
		{AF297752-0DDB-2279-4278-2CC77D45C843}.Release|Any CPU.Build.0 = Release|Any CPU
	EndGlobalSection
	GlobalSection(SolutionProperties) = preSolution
		HideSolutionNode = FALSE
	EndGlobalSection
	GlobalSection(MonoDevelopProperties) = preSolution
		StartupItem = Assembly-CSharp.csproj
	EndGlobalSection
EndGlobal
